{
  "originHash" : "7c746415e5f2fc0abd1963194330c522cceeeb29f0671e36fdb5b1039666b0d0",
  "pins" : [
    {
      "identity" : "navigationview",
      "kind" : "remoteSourceControl",
      "location" : "https://github.com/Mijick/NavigationView",
      "state" : {
        "branch" : "main",
        "revision" : "2720753fa85daf05ace5e3f048c64e2f4e56fa61"
      }
    },
    {
      "identity" : "popupview",
      "kind" : "remoteSourceControl",
      "location" : "https://github.com/Mijick/PopupView",
      "state" : {
        "branch" : "main",
        "revision" : "2465a5aef481f3b0bbf2a26dc0aca692c7dc6f5b"
      }
    }
  ],
  "version" : 3
}
